
Microsoft Visual Studio Solution File, Format Version 12.00
# Visual Studio Version 17
VisualStudioVersion = 17.8.34309.116
MinimumVisualStudioVersion = 10.0.40219.1
Project("{FAE04EC0-301F-11D3-BF4B-00C04F79EFBC}") = "HavaDurumuUygulamasi", "HavaDurumuUygulamasi\HavaDurumuUygulamasi.csproj", "{6EE9AAD0-4EDE-4465-B3C2-CCD4EB68BB92}"
EndProject
Global
	GlobalSection(SolutionConfigurationPlatforms) = preSolution
		Debug|Any CPU = Debug|Any CPU
		Release|Any CPU = Release|Any CPU
	EndGlobalSection
	GlobalSection(ProjectConfigurationPlatforms) = postSolution
		{6EE9AAD0-4EDE-4465-B3C2-CCD4EB68BB92}.Debug|Any CPU.ActiveCfg = Debug|Any CPU
		{6EE9AAD0-4EDE-4465-B3C2-CCD4EB68BB92}.Debug|Any CPU.Build.0 = Debug|Any CPU
		{6EE9AAD0-4EDE-4465-B3C2-CCD4EB68BB92}.Release|Any CPU.ActiveCfg = Release|Any CPU
		{6EE9AAD0-4EDE-4465-B3C2-CCD4EB68BB92}.Release|Any CPU.Build.0 = Release|Any CPU
	EndGlobalSection
	GlobalSection(SolutionProperties) = preSolution
		HideSolutionNode = FALSE
	EndGlobalSection
	GlobalSection(ExtensibilityGlobals) = postSolution
		SolutionGuid = {73E01EF3-81BA-4E3D-B68B-04AEBF39BFC5}
	EndGlobalSection
EndGlobal
